{
  "pins" : [
    {
      "identity" : "glider",
      "kind" : "remoteSourceControl",
      "location" : "https://github.com/immobiliare/Glider",
      "state" : {
        "revision" : "43c8e901a62aab3671f4d169bfbc8e07e270c6b3",
        "version" : "2.0.0"
      }
    },
    {
      "identity" : "realhttp",
      "kind" : "remoteSourceControl",
      "location" : "https://github.com/immobiliare/RealHTTP.git",
      "state" : {
        "revision" : "c0ffb265eae8684da02ad20cfcc147c23463ad95",
        "version" : "1.8.3"
      }
    }
  ],
  "version" : 2
}
